{
  "name": "functions",
  "version": "1.0.0",
  "lockfileVersion": 3,
  "requires": true,
  "packages": {
    "": {
      "name": "functions",
      "version": "1.0.0",
      "dependencies": {
        "@emailjs/nodejs": "^4.0.0",
        "dotenv": "^16.4.5"
      }
    },
    "node_modules/@emailjs/nodejs": {
      "version": "4.1.0",
      "resolved": "https://registry.npmjs.org/@emailjs/nodejs/-/nodejs-4.1.0.tgz",
      "integrity": "sha512-d97BsKytRhP9Nme66Hmk+S5HO+zQPJ0XZ+FsNERS8uxpSXvj6rEXUeOC49ilH8LAWOdb/eL8xhsM9tfpHrvkcA==",
      "license": "BSD-3-Clause",
      "engines": {
        "node": ">=14.0.0"
      }
    },
    "node_modules/dotenv": {
      "version": "16.4.7",
      "resolved": "https://registry.npmjs.org/dotenv/-/dotenv-16.4.7.tgz",
      "integrity": "sha512-47qPchRCykZC03FhkYAhrvwU4xDBFIj1QPqaarj6mdM/hgUzfPHcpkHJOn3mJAufFeeAxAzeGsr5X0M4k6fLZQ==",
      "license": "BSD-2-Clause",
      "engines": {
        "node": ">=12"
      },
      "funding": {
        "url": "https://dotenvx.com"
      }
    }
  }
}
